# This file is automatically @generated by Cargo.
# It is not intended for manual editing.
version = 3

[[package]]
name = "adler"
version = "1.0.2"
source = "registry+https://github.com/rust-lang/crates.io-index"
checksum = "f26201604c87b1e01bd3d98f8d5d9a8fcbb815e8cedb41ffccbeb4bf593a35fe"

[[package]]
name = "autocfg"
version = "1.0.1"
source = "registry+https://github.com/rust-lang/crates.io-index"
checksum = "cdb031dd78e28731d87d56cc8ffef4a8f36ca26c38fe2de700543e627f8a464a"

[[package]]
name = "bitflags"
version = "1.3.2"
source = "registry+https://github.com/rust-lang/crates.io-index"
checksum = "bef38d45163c2f1dde094a7dfd33ccf595c92905c8f8f4fdc18d06fb1037718a"

[[package]]
name = "bitstream-io"
version = "1.5.0"
source = "registry+https://github.com/rust-lang/crates.io-index"
checksum = "97d524fdb78bf6dc6d2dc4c02043e4b4962ede0a17ae3e13f0ed211a7eda5897"

[[package]]
name = "build_const"
version = "0.2.2"
source = "registry+https://github.com/rust-lang/crates.io-index"
checksum = "b4ae4235e6dac0694637c763029ecea1a2ec9e4e06ec2729bd21ba4d9c863eb7"

[[package]]
name = "byteorder"
version = "1.4.3"
source = "registry+https://github.com/rust-lang/crates.io-index"
checksum = "14c189c53d098945499cdfa7ecc63567cf3886b3332b312a5b4585d8d3a6a610"

[[package]]
name = "cfg-if"
version = "1.0.0"
source = "registry+https://github.com/rust-lang/crates.io-index"
checksum = "baf1de4339761588bc0619e3cbc0120ee582ebb74b53b4efbf79117bd2da40fd"

[[package]]
name = "cmd"
version = "0.1.0"
dependencies = [
 "codegen",
 "encoding_rs",
 "parser",
 "swf 0.1.2",
]

[[package]]
name = "codegen"
version = "0.1.0"
dependencies = [
 "indexmap",
 "parser",
 "swf 0.2.0",
]

[[package]]
name = "crc"
version = "1.8.1"
source = "registry+https://github.com/rust-lang/crates.io-index"
checksum = "d663548de7f5cca343f1e0a48d14dcfb0e9eb4e079ec58883b7251539fa10aeb"
dependencies = [
 "build_const",
]

[[package]]
name = "crc32fast"
version = "1.2.2"
source = "registry+https://github.com/rust-lang/crates.io-index"
checksum = "3825b1e8580894917dc4468cb634a1b4e9745fddc854edad72d9c04644c0319f"
dependencies = [
 "cfg-if",
]

[[package]]
name = "encoding_rs"
version = "0.8.31"
source = "registry+https://github.com/rust-lang/crates.io-index"
checksum = "9852635589dc9f9ea1b6fe9f05b50ef208c85c834a562f0c6abb1c475736ec2b"
dependencies = [
 "cfg-if",
]

[[package]]
name = "enum-map"
version = "2.4.1"
source = "registry+https://github.com/rust-lang/crates.io-index"
checksum = "f5a56d54c8dd9b3ad34752ed197a4eb2a6601bc010808eb097a04a58ae4c43e1"
dependencies = [
 "enum-map-derive",
]

[[package]]
name = "enum-map-derive"
version = "0.10.0"
source = "registry+https://github.com/rust-lang/crates.io-index"
checksum = "a9045e2676cd5af83c3b167d917b0a5c90a4d8e266e2683d6631b235c457fc27"
dependencies = [
 "proc-macro2",
 "quote",
 "syn",
]

[[package]]
name = "flate2"
version = "1.0.22"
source = "registry+https://github.com/rust-lang/crates.io-index"
checksum = "1e6988e897c1c9c485f43b47a529cef42fde0547f9d8d41a7062518f1d8fc53f"
dependencies = [
 "cfg-if",
 "crc32fast",
 "libc",
 "miniz_oxide",
]

[[package]]
name = "hashbrown"
version = "0.12.3"
source = "registry+https://github.com/rust-lang/crates.io-index"
checksum = "8a9ee70c43aaf417c914396645a0fa852624801b24ebb7ae78fe8272889ac888"

[[package]]
name = "include_dir"
version = "0.7.1"
source = "registry+https://github.com/rust-lang/crates.io-index"
checksum = "7fe7734d776eb702d33f1b68730696db57c87facfd526d2044a308a0c8466318"
dependencies = [
 "include_dir_macros",
]

[[package]]
name = "include_dir_macros"
version = "0.7.1"
source = "registry+https://github.com/rust-lang/crates.io-index"
checksum = "253ba5156abc78673208f900dd686e1e000e6edc5633231d309acded2b66026d"
dependencies = [
 "proc-macro2",
 "quote",
]

[[package]]
name = "indexmap"
version = "1.9.1"
source = "registry+https://github.com/rust-lang/crates.io-index"
checksum = "10a35a97730320ffe8e2d410b5d3b69279b98d2c14bdb8b70ea89ecf7888d41e"
dependencies = [
 "autocfg",
 "hashbrown",
]

[[package]]
name = "libc"
version = "0.2.108"
source = "registry+https://github.com/rust-lang/crates.io-index"
checksum = "8521a1b57e76b1ec69af7599e75e38e7b7fad6610f037db8c79b127201b5d119"

[[package]]
name = "log"
version = "0.4.14"
source = "registry+https://github.com/rust-lang/crates.io-index"
checksum = "51b9bbe6c47d51fc3e1a9b945965946b4c44142ab8792c50835a980d362c2710"
dependencies = [
 "cfg-if",
]

[[package]]
name = "lzma-rs"
version = "0.2.0"
source = "registry+https://github.com/rust-lang/crates.io-index"
checksum = "aba8ecb0450dfabce4ad72085eed0a75dffe8f21f7ada05638564ea9db2d7fb1"
dependencies = [
 "byteorder",
 "crc",
]

[[package]]
name = "miniz_oxide"
version = "0.4.4"
source = "registry+https://github.com/rust-lang/crates.io-index"
checksum = "a92518e98c078586bc6c934028adcca4c92a53d6a958196de835170a01d84e4b"
dependencies = [
 "adler",
 "autocfg",
]

[[package]]
name = "num-derive"
version = "0.3.3"
source = "registry+https://github.com/rust-lang/crates.io-index"
checksum = "876a53fff98e03a936a674b29568b0e605f06b29372c2489ff4de23f1949743d"
dependencies = [
 "proc-macro2",
 "quote",
 "syn",
]

[[package]]
name = "num-traits"
version = "0.2.14"
source = "registry+https://github.com/rust-lang/crates.io-index"
checksum = "9a64b1ec5cda2586e284722486d802acf1f7dbdc623e2bfc57e65ca1cd099290"
dependencies = [
 "autocfg",
]

[[package]]
name = "parser"
version = "0.1.0"
dependencies = [
 "encoding_rs",
 "include_dir",
 "swf 0.2.0",
 "tokenizer",
]

[[package]]
name = "proc-macro2"
version = "1.0.32"
source = "registry+https://github.com/rust-lang/crates.io-index"
checksum = "ba508cc11742c0dc5c1659771673afbab7a0efab23aa17e854cbab0837ed0b43"
dependencies = [
 "unicode-xid",
]

[[package]]
name = "quote"
version = "1.0.10"
source = "registry+https://github.com/rust-lang/crates.io-index"
checksum = "38bc8cc6a5f2e3655e0899c1b848643b2562f853f114bfec7be120678e3ace05"
dependencies = [
 "proc-macro2",
]

[[package]]
name = "strip_bom"
version = "1.0.0"
source = "registry+https://github.com/rust-lang/crates.io-index"
checksum = "20cecc5f9998340da802809fe89e8a769b192960cf4dd77fccd9da7f60821d33"

[[package]]
name = "swf"
version = "0.1.2"
source = "git+https://github.com/ruffle-rs/ruffle#da4ed75bc82957aa6fff8c6178d1f798466be8be"
dependencies = [
 "bitflags",
 "bitstream-io",
 "byteorder",
 "encoding_rs",
 "flate2",
 "log",
 "lzma-rs",
 "num-derive",
 "num-traits",
]

[[package]]
name = "swf"
version = "0.2.0"
source = "git+https://github.com/ruffle-rs/ruffle?rev=5c9471436371f24f1d95011d21b5cddb7fc4ee7f#5c9471436371f24f1d95011d21b5cddb7fc4ee7f"
dependencies = [
 "bitflags",
 "bitstream-io",
 "byteorder",
 "encoding_rs",
 "enum-map",
 "flate2",
 "log",
 "lzma-rs",
 "num-derive",
 "num-traits",
]

[[package]]
name = "syn"
version = "1.0.82"
source = "registry+https://github.com/rust-lang/crates.io-index"
checksum = "8daf5dd0bb60cbd4137b1b587d2fc0ae729bc07cf01cd70b36a1ed5ade3b9d59"
dependencies = [
 "proc-macro2",
 "quote",
 "unicode-xid",
]

[[package]]
name = "tokenizer"
version = "0.1.0"
dependencies = [
 "strip_bom",
]

[[package]]
name = "unicode-xid"
version = "0.2.2"
source = "registry+https://github.com/rust-lang/crates.io-index"
checksum = "8ccb82d61f80a663efe1f787a51b16b5a51e3314d6ac365b08639f52387b33f3"
